{
  "name": "http_server_with_transform_stream",
  "version": "1.0.0",
  "lockfileVersion": 2,
  "requires": true,
  "packages": {
    "": {
      "name": "http_server_with_transform_stream",
      "version": "1.0.0",
      "license": "ISC",
      "engines": {
        "node": ">=16.20.2",
        "npm": ">=8.19.4"
      }
    }
  }
}
